{
<<<<<<< HEAD
  "name": "react-study",
  "version": "1.0.0",
  "lockfileVersion": 3,
  "requires": true,
  "packages": {
    "": {
      "name": "react-study",
      "version": "1.0.0",
      "license": "ISC"
    }
  }
=======
  "name": "spring-react",
  "lockfileVersion": 3,
  "requires": true,
  "packages": {}
>>>>>>> 6d0d656 (initial commit)
}
